{
  "lockfile_version": "1",
  "packages": {
    "cosign@2.2.4": {
      "last_modified": "2024-07-07T16:08:25Z",
      "resolved": "github:NixOS/nixpkgs/ab82a9612aa45284d4adf69ee81871a389669a9e#cosign",
      "source": "devbox-search",
      "version": "2.2.4",
      "systems": {
        "aarch64-darwin": {
          "outputs": [
            {
              "name": "out",
              "path": "/nix/store/cy0ri8cd8jjh2fpgbyzw75an0v8rzxca-cosign-2.2.4",
              "default": true
            }
          ],
          "store_path": "/nix/store/cy0ri8cd8jjh2fpgbyzw75an0v8rzxca-cosign-2.2.4"
        },
        "aarch64-linux": {
          "outputs": [
            {
              "name": "out",
              "path": "/nix/store/prcp2shq51l50pvgvsha3vzvdxkd10nf-cosign-2.2.4",
              "default": true
            }
          ],
          "store_path": "/nix/store/prcp2shq51l50pvgvsha3vzvdxkd10nf-cosign-2.2.4"
        },
        "x86_64-darwin": {
          "outputs": [
            {
              "name": "out",
              "path": "/nix/store/j2r09qdi7rdw2c2xzn90gaargd70cr7z-cosign-2.2.4",
              "default": true
            }
          ],
          "store_path": "/nix/store/j2r09qdi7rdw2c2xzn90gaargd70cr7z-cosign-2.2.4"
        },
        "x86_64-linux": {
          "outputs": [
            {
              "name": "out",
              "path": "/nix/store/q8vkk4kd7jjq3vm7wngw8df614vvwch3-cosign-2.2.4",
              "default": true
            }
          ],
          "store_path": "/nix/store/q8vkk4kd7jjq3vm7wngw8df614vvwch3-cosign-2.2.4"
        }
      }
    },
    "go@1.22.5": {
      "last_modified": "2024-07-07T16:08:25Z",
      "resolved": "github:NixOS/nixpkgs/ab82a9612aa45284d4adf69ee81871a389669a9e#go",
      "source": "devbox-search",
      "version": "1.22.5",
      "systems": {
        "aarch64-darwin": {
          "outputs": [
            {
              "name": "out",
              "path": "/nix/store/05saqcgidraqmn4z82prsp7rbj9hjmwm-go-1.22.5",
              "default": true
            }
          ],
          "store_path": "/nix/store/05saqcgidraqmn4z82prsp7rbj9hjmwm-go-1.22.5"
        },
        "aarch64-linux": {
          "outputs": [
            {
              "name": "out",
              "path": "/nix/store/b97bbxn6kpysysxb8nxn4k39ffxmp4p6-go-1.22.5",
              "default": true
            }
          ],
          "store_path": "/nix/store/b97bbxn6kpysysxb8nxn4k39ffxmp4p6-go-1.22.5"
        },
        "x86_64-darwin": {
          "outputs": [
            {
              "name": "out",
              "path": "/nix/store/gdyii59c48s4a8q6w584ccgm95qls3lh-go-1.22.5",
              "default": true
            }
          ],
          "store_path": "/nix/store/gdyii59c48s4a8q6w584ccgm95qls3lh-go-1.22.5"
        },
        "x86_64-linux": {
          "outputs": [
            {
              "name": "out",
              "path": "/nix/store/3v17dij8rvg7q99009swxg52995r7s22-go-1.22.5",
              "default": true
            }
          ],
          "store_path": "/nix/store/3v17dij8rvg7q99009swxg52995r7s22-go-1.22.5"
        }
      }
    },
    "goreleaser@2.0.1": {
      "last_modified": "2024-07-07T16:08:25Z",
      "resolved": "github:NixOS/nixpkgs/ab82a9612aa45284d4adf69ee81871a389669a9e#goreleaser",
      "source": "devbox-search",
      "version": "2.0.1",
      "systems": {
        "aarch64-darwin": {
          "outputs": [
            {
              "name": "out",
              "path": "/nix/store/5s4a91rm59n0cg2qvr77d9a84w3x71a3-goreleaser-2.0.1",
              "default": true
            }
          ],
          "store_path": "/nix/store/5s4a91rm59n0cg2qvr77d9a84w3x71a3-goreleaser-2.0.1"
        },
        "aarch64-linux": {
          "outputs": [
            {
              "name": "out",
              "path": "/nix/store/n3i1qqflg4ym1p53dni8hg1w4h33civx-goreleaser-2.0.1",
              "default": true
            }
          ],
          "store_path": "/nix/store/n3i1qqflg4ym1p53dni8hg1w4h33civx-goreleaser-2.0.1"
        },
        "x86_64-darwin": {
          "outputs": [
            {
              "name": "out",
              "path": "/nix/store/8d0yikxbcl5l5c1bgr07qfng736616sv-goreleaser-2.0.1",
              "default": true
            }
          ],
          "store_path": "/nix/store/8d0yikxbcl5l5c1bgr07qfng736616sv-goreleaser-2.0.1"
        },
        "x86_64-linux": {
          "outputs": [
            {
              "name": "out",
              "path": "/nix/store/wfb13cpqjqxid8nqaqqxfjfx7nr8ajkb-goreleaser-2.0.1",
              "default": true
            }
          ],
          "store_path": "/nix/store/wfb13cpqjqxid8nqaqqxfjfx7nr8ajkb-goreleaser-2.0.1"
        }
      }
    },
    "rekor-cli@1.3.6": {
      "last_modified": "2024-07-07T16:08:25Z",
      "resolved": "github:NixOS/nixpkgs/ab82a9612aa45284d4adf69ee81871a389669a9e#rekor-cli",
      "source": "devbox-search",
      "version": "1.3.6",
      "systems": {
        "aarch64-darwin": {
          "outputs": [
            {
              "name": "out",
              "path": "/nix/store/imc4r3gav35nzbrfaji60dx4j1v1rklp-rekor-cli-1.3.6",
              "default": true
            }
          ],
          "store_path": "/nix/store/imc4r3gav35nzbrfaji60dx4j1v1rklp-rekor-cli-1.3.6"
        },
        "aarch64-linux": {
          "outputs": [
            {
              "name": "out",
              "path": "/nix/store/mfjwim58fg55rg8vhv0i0v9ljsjpqcm7-rekor-cli-1.3.6",
              "default": true
            }
          ],
          "store_path": "/nix/store/mfjwim58fg55rg8vhv0i0v9ljsjpqcm7-rekor-cli-1.3.6"
        },
        "x86_64-darwin": {
          "outputs": [
            {
              "name": "out",
              "path": "/nix/store/1idkhy5ha6z2dg4x240vkri9j3p3jhlq-rekor-cli-1.3.6",
              "default": true
            }
          ],
          "store_path": "/nix/store/1idkhy5ha6z2dg4x240vkri9j3p3jhlq-rekor-cli-1.3.6"
        },
        "x86_64-linux": {
          "outputs": [
            {
              "name": "out",
              "path": "/nix/store/pz57fi7yiycdcd159lq9rqhayrccf3rg-rekor-cli-1.3.6",
              "default": true
            }
          ],
          "store_path": "/nix/store/pz57fi7yiycdcd159lq9rqhayrccf3rg-rekor-cli-1.3.6"
        }
      }
    },
    "slsa-verifier@2.5.1": {
      "last_modified": "2024-07-07T16:08:25Z",
      "resolved": "github:NixOS/nixpkgs/ab82a9612aa45284d4adf69ee81871a389669a9e#slsa-verifier",
      "source": "devbox-search",
      "version": "2.5.1",
      "systems": {
        "aarch64-darwin": {
          "outputs": [
            {
              "name": "out",
              "path": "/nix/store/qy9icd5536gl4phk80gisx54hg3brxgx-slsa-verifier-2.5.1",
              "default": true
            }
          ],
          "store_path": "/nix/store/qy9icd5536gl4phk80gisx54hg3brxgx-slsa-verifier-2.5.1"
        },
        "aarch64-linux": {
          "outputs": [
            {
              "name": "out",
              "path": "/nix/store/ndhbizrnr9x9sjq1gmvg7d5nkx1sfcxv-slsa-verifier-2.5.1",
              "default": true
            }
          ],
          "store_path": "/nix/store/ndhbizrnr9x9sjq1gmvg7d5nkx1sfcxv-slsa-verifier-2.5.1"
        },
        "x86_64-darwin": {
          "outputs": [
            {
              "name": "out",
              "path": "/nix/store/j9cvzsb77hcjpcxi6a7cf5gsdvs5k1xf-slsa-verifier-2.5.1",
              "default": true
            }
          ],
          "store_path": "/nix/store/j9cvzsb77hcjpcxi6a7cf5gsdvs5k1xf-slsa-verifier-2.5.1"
        },
        "x86_64-linux": {
          "outputs": [
            {
              "name": "out",
              "path": "/nix/store/drj22vy2w1phxgznajgcf95843krjy36-slsa-verifier-2.5.1",
              "default": true
            }
          ],
          "store_path": "/nix/store/drj22vy2w1phxgznajgcf95843krjy36-slsa-verifier-2.5.1"
        }
      }
    },
    "syft@1.8.0": {
      "last_modified": "2024-07-07T16:08:25Z",
      "resolved": "github:NixOS/nixpkgs/ab82a9612aa45284d4adf69ee81871a389669a9e#syft",
      "source": "devbox-search",
      "version": "1.8.0",
      "systems": {
        "aarch64-darwin": {
          "outputs": [
            {
              "name": "out",
              "path": "/nix/store/6g6syl5cvh33drvjflzhmq86fqb8qgj8-syft-1.8.0",
              "default": true
            }
          ],
          "store_path": "/nix/store/6g6syl5cvh33drvjflzhmq86fqb8qgj8-syft-1.8.0"
        },
        "aarch64-linux": {
          "outputs": [
            {
              "name": "out",
              "path": "/nix/store/mqs876b6l7ipfl7gppwgjii468iq88x7-syft-1.8.0",
              "default": true
            }
          ],
          "store_path": "/nix/store/mqs876b6l7ipfl7gppwgjii468iq88x7-syft-1.8.0"
        },
        "x86_64-darwin": {
          "outputs": [
            {
              "name": "out",
              "path": "/nix/store/i1y1bad111phixagqigdjwzd46bn2f1w-syft-1.8.0",
              "default": true
            }
          ],
          "store_path": "/nix/store/i1y1bad111phixagqigdjwzd46bn2f1w-syft-1.8.0"
        },
        "x86_64-linux": {
          "outputs": [
            {
              "name": "out",
              "path": "/nix/store/bc72r1c4la1kkjlzlfw9wj49944i3laq-syft-1.8.0",
              "default": true
            }
          ],
          "store_path": "/nix/store/bc72r1c4la1kkjlzlfw9wj49944i3laq-syft-1.8.0"
        }
      }
    },
    "trivy@0.53.0": {
      "last_modified": "2024-07-07T16:08:25Z",
      "resolved": "github:NixOS/nixpkgs/ab82a9612aa45284d4adf69ee81871a389669a9e#trivy",
      "source": "devbox-search",
      "version": "0.53.0",
      "systems": {
        "aarch64-darwin": {
          "outputs": [
            {
              "name": "out",
              "path": "/nix/store/llf8zg8x45jkpsqdx9z1288dzaz80mp5-trivy-0.53.0",
              "default": true
            }
          ],
          "store_path": "/nix/store/llf8zg8x45jkpsqdx9z1288dzaz80mp5-trivy-0.53.0"
        },
        "aarch64-linux": {
          "outputs": [
            {
              "name": "out",
              "path": "/nix/store/s76rmrxra8v1znwpipm6kh8qsz2mn042-trivy-0.53.0",
              "default": true
            }
          ],
          "store_path": "/nix/store/s76rmrxra8v1znwpipm6kh8qsz2mn042-trivy-0.53.0"
        },
        "x86_64-darwin": {
          "outputs": [
            {
              "name": "out",
              "path": "/nix/store/88xbhvszd70zhs6zrsngzdzjg51vaw41-trivy-0.53.0",
              "default": true
            }
          ],
          "store_path": "/nix/store/88xbhvszd70zhs6zrsngzdzjg51vaw41-trivy-0.53.0"
        },
        "x86_64-linux": {
          "outputs": [
            {
              "name": "out",
              "path": "/nix/store/z0p72j0ymvw6ydkm2kgk0pdm5dfa4gjy-trivy-0.53.0",
              "default": true
            }
          ],
          "store_path": "/nix/store/z0p72j0ymvw6ydkm2kgk0pdm5dfa4gjy-trivy-0.53.0"
        }
      }
    }
  }
}
